// !$*UTF8*$!
{
	archiveVersion = 1;
	classes = {
	};
	objectVersion = 48;
	objects = {

/* Begin PBXBuildFile section */
		11320B5B1F99DFFF00582358 /* AppDelegate.m in Sources */ = {isa = PBXBuildFile; fileRef = 11320B5A1F99DFFF00582358 /* AppDelegate.m */; };
		11320B5E1F99DFFF00582358 /* ViewController.m in Sources */ = {isa = PBXBuildFile; fileRef = 11320B5D1F99DFFF00582358 /* ViewController.m */; };
		11320B611F99DFFF00582358 /* Main.storyboard in Resources */ = {isa = PBXBuildFile; fileRef = 11320B5F1F99DFFF00582358 /* Main.storyboard */; };
		11320B631F99DFFF00582358 /* Assets.xcassets in Resources */ = {isa = PBXBuildFile; fileRef = 11320B621F99DFFF00582358 /* Assets.xcassets */; };
		11320B661F99DFFF00582358 /* LaunchScreen.storyboard in Resources */ = {isa = PBXBuildFile; fileRef = 11320B641F99DFFF00582358 /* LaunchScreen.storyboard */; };
		11320B691F99DFFF00582358 /* main.m in Sources */ = {isa = PBXBuildFile; fileRef = 11320B681F99DFFF00582358 /* main.m */; };
		11320B841F99E95D00582358 /* OneViewController.m in Sources */ = {isa = PBXBuildFile; fileRef = 11320B821F99E95D00582358 /* OneViewController.m */; };
		11320B851F99E95D00582358 /* OneViewController.xib in Resources */ = {isa = PBXBuildFile; fileRef = 11320B831F99E95D00582358 /* OneViewController.xib */; };
		11320B891F99E96800582358 /* TwoViewController.m in Sources */ = {isa = PBXBuildFile; fileRef = 11320B871F99E96800582358 /* TwoViewController.m */; };
		11320B8A1F99E96800582358 /* TwoViewController.xib in Resources */ = {isa = PBXBuildFile; fileRef = 11320B881F99E96800582358 /* TwoViewController.xib */; };
/* End PBXBuildFile section */

/* Begin PBXFileReference section */
		11320B561F99DFFF00582358 /* PageViewDemo.app */ = {isa = PBXFileReference; explicitFileType = wrapper.application; includeInIndex = 0; path = PageViewDemo.app; sourceTree = BUILT_PRODUCTS_DIR; };
		11320B591F99DFFF00582358 /* AppDelegate.h */ = {isa = PBXFileReference; lastKnownFileType = sourcecode.c.h; path = AppDelegate.h; sourceTree = "<group>"; };
		11320B5A1F99DFFF00582358 /* AppDelegate.m */ = {isa = PBXFileReference; lastKnownFileType = sourcecode.c.objc; path = AppDelegate.m; sourceTree = "<group>"; };
		11320B5C1F99DFFF00582358 /* ViewController.h */ = {isa = PBXFileReference; lastKnownFileType = sourcecode.c.h; path = ViewController.h; sourceTree = "<group>"; };
		11320B5D1F99DFFF00582358 /* ViewController.m */ = {isa = PBXFileReference; lastKnownFileType = sourcecode.c.objc; path = ViewController.m; sourceTree = "<group>"; };
		11320B601F99DFFF00582358 /* Base */ = {isa = PBXFileReference; lastKnownFileType = file.storyboard; name = Base; path = Base.lproj/Main.storyboard; sourceTree = "<group>"; };
		11320B621F99DFFF00582358 /* Assets.xcassets */ = {isa = PBXFileReference; lastKnownFileType = folder.assetcatalog; path = Assets.xcassets; sourceTree = "<group>"; };
		11320B651F99DFFF00582358 /* Base */ = {isa = PBXFileReference; lastKnownFileType = file.storyboard; name = Base; path = Base.lproj/LaunchScreen.storyboard; sourceTree = "<group>"; };
		11320B671F99DFFF00582358 /* Info.plist */ = {isa = PBXFileReference; lastKnownFileType = text.plist.xml; path = Info.plist; sourceTree = "<group>"; };
		11320B681F99DFFF00582358 /* main.m */ = {isa = PBXFileReference; lastKnownFileType = sourcecode.c.objc; path = main.m; sourceTree = "<group>"; };
		11320B811F99E95D00582358 /* OneViewController.h */ = {isa = PBXFileReference; lastKnownFileType = sourcecode.c.h; path = OneViewController.h; sourceTree = "<group>"; };
		11320B821F99E95D00582358 /* OneViewController.m */ = {isa = PBXFileReference; lastKnownFileType = sourcecode.c.objc; path = OneViewController.m; sourceTree = "<group>"; };
		11320B831F99E95D00582358 /* OneViewController.xib */ = {isa = PBXFileReference; lastKnownFileType = file.xib; path = OneViewController.xib; sourceTree = "<group>"; };
		11320B861F99E96800582358 /* TwoViewController.h */ = {isa = PBXFileReference; lastKnownFileType = sourcecode.c.h; path = TwoViewController.h; sourceTree = "<group>"; };
		11320B871F99E96800582358 /* TwoViewController.m */ = {isa = PBXFileReference; lastKnownFileType = sourcecode.c.objc; path = TwoViewController.m; sourceTree = "<group>"; };
		11320B881F99E96800582358 /* TwoViewController.xib */ = {isa = PBXFileReference; lastKnownFileType = file.xib; path = TwoViewController.xib; sourceTree = "<group>"; };
/* End PBXFileReference section */

/* Begin PBXFrameworksBuildPhase section */
		11320B531F99DFFF00582358 /* Frameworks */ = {
			isa = PBXFrameworksBuildPhase;
			buildActionMask = 2147483647;
			files = (
			);
			runOnlyForDeploymentPostprocessing = 0;
		};
/* End PBXFrameworksBuildPhase section */

/* Begin PBXGroup section */
		11320B4D1F99DFFF00582358 = {
			isa = PBXGroup;
			children = (
				11320B581F99DFFF00582358 /* PageViewDemo */,
				11320B571F99DFFF00582358 /* Products */,
			);
			sourceTree = "<group>";
		};
		11320B571F99DFFF00582358 /* Products */ = {
			isa = PBXGroup;
			children = (
				11320B561F99DFFF00582358 /* PageViewDemo.app */,
			);
			name = Products;
			sourceTree = "<group>";
		};
		11320B581F99DFFF00582358 /* PageViewDemo */ = {
			isa = PBXGroup;
			children = (
				11320B591F99DFFF00582358 /* AppDelegate.h */,
				11320B5A1F99DFFF00582358 /* AppDelegate.m */,
				11320B5C1F99DFFF00582358 /* ViewController.h */,
				11320B5D1F99DFFF00582358 /* ViewController.m */,
				11320B811F99E95D00582358 /* OneViewController.h */,
				11320B821F99E95D00582358 /* OneViewController.m */,
				11320B831F99E95D00582358 /* OneViewController.xib */,
				11320B861F99E96800582358 /* TwoViewController.h */,
				11320B871F99E96800582358 /* TwoViewController.m */,
				11320B881F99E96800582358 /* TwoViewController.xib */,
				11320B5F1F99DFFF00582358 /* Main.storyboard */,
				11320B621F99DFFF00582358 /* Assets.xcassets */,
				11320B641F99DFFF00582358 /* LaunchScreen.storyboard */,
				11320B671F99DFFF00582358 /* Info.plist */,
				11320B681F99DFFF00582358 /* main.m */,
			);
			path = PageViewDemo;
			sourceTree = "<group>";
		};
/* End PBXGroup section */

/* Begin PBXNativeTarget section */
		11320B551F99DFFF00582358 /* PageViewDemo */ = {
			isa = PBXNativeTarget;
			buildConfigurationList = 11320B6C1F99DFFF00582358 /* Build configuration list for PBXNativeTarget "PageViewDemo" */;
			buildPhases = (
				11320B521F99DFFF00582358 /* Sources */,
				11320B531F99DFFF00582358 /* Frameworks */,
				11320B541F99DFFF00582358 /* Resources */,
			);
			buildRules = (
			);
			dependencies = (
			);
			name = PageViewDemo;
			productName = PageViewDemo;
			productReference = 11320B561F99DFFF00582358 /* PageViewDemo.app */;
			productType = "com.apple.product-type.application";
		};
/* End PBXNativeTarget section */

/* Begin PBXProject section */
		11320B4E1F99DFFF00582358 /* Project object */ = {
			isa = PBXProject;
			attributes = {
				LastUpgradeCheck = 0900;
				ORGANIZATIONNAME = Mr_Kong;
				TargetAttributes = {
					11320B551F99DFFF00582358 = {
						CreatedOnToolsVersion = 9.0;
						ProvisioningStyle = Automatic;
					};
				};
			};
			buildConfigurationList = 11320B511F99DFFF00582358 /* Build configuration list for PBXProject "PageViewDemo" */;
			compatibilityVersion = "Xcode 8.0";
			developmentRegion = en;
			hasScannedForEncodings = 0;
			knownRegions = (
				en,
				Base,
			);
			mainGroup = 11320B4D1F99DFFF00582358;
			productRefGroup = 11320B571F99DFFF00582358 /* Products */;
			projectDirPath = "";
			projectRoot = "";
			targets = (
				11320B551F99DFFF00582358 /* PageViewDemo */,
			);
		};
/* End PBXProject section */

/* Begin PBXResourcesBuildPhase section */
		11320B541F99DFFF00582358 /* Resources */ = {
			isa = PBXResourcesBuildPhase;
			buildActionMask = 2147483647;
			files = (
				11320B661F99DFFF00582358 /* LaunchScreen.storyboard in Resources */,
				11320B631F99DFFF00582358 /* Assets.xcassets in Resources */,
				11320B611F99DFFF00582358 /* Main.storyboard in Resources */,
				11320B8A1F99E96800582358 /* TwoViewController.xib in Resources */,
				11320B851F99E95D00582358 /* OneViewController.xib in Resources */,
			);
			runOnlyForDeploymentPostprocessing = 0;
		};
/* End PBXResourcesBuildPhase section */

/* Begin PBXSourcesBuildPhase section */
		11320B521F99DFFF00582358 /* Sources */ = {
			isa = PBXSourcesBuildPhase;
			buildActionMask = 2147483647;
			files = (
				11320B5E1F99DFFF00582358 /* ViewController.m in Sources */,
				11320B691F99DFFF00582358 /* main.m in Sources */,
				11320B5B1F99DFFF00582358 /* AppDelegate.m in Sources */,
				11320B891F99E96800582358 /* TwoViewController.m in Sources */,
				11320B841F99E95D00582358 /* OneViewController.m in Sources */,
			);
			runOnlyForDeploymentPostprocessing = 0;
		};
/* End PBXSourcesBuildPhase section */

/* Begin PBXVariantGroup section */
		11320B5F1F99DFFF00582358 /* Main.storyboard */ = {
			isa = PBXVariantGroup;
			children = (
				11320B601F99DFFF00582358 /* Base */,
			);
			name = Main.storyboard;
			sourceTree = "<group>";
		};
		11320B641F99DFFF00582358 /* LaunchScreen.storyboard */ = {
			isa = PBXVariantGroup;
			children = (
				11320B651F99DFFF00582358 /* Base */,
			);
			name = LaunchScreen.storyboard;
			sourceTree = "<group>";
		};
/* End PBXVariantGroup section */

/* Begin XCBuildConfiguration section */
		11320B6A1F99DFFF00582358 /* Debug */ = {
			isa = XCBuildConfiguration;
			buildSettings = {
				ALWAYS_SEARCH_USER_PATHS = NO;
				CLANG_ANALYZER_NONNULL = YES;
				CLANG_ANALYZER_NUMBER_OBJECT_CONVERSION = YES_AGGRESSIVE;
				CLANG_CXX_LANGUAGE_STANDARD = "gnu++14";
				CLANG_CXX_LIBRARY = "libc++";
				CLANG_ENABLE_MODULES = YES;
				CLANG_ENABLE_OBJC_ARC = YES;
				CLANG_WARN_BLOCK_CAPTURE_AUTORELEASING = YES;
				CLANG_WARN_BOOL_CONVERSION = YES;
				CLANG_WARN_COMMA = YES;
				CLANG_WARN_CONSTANT_CONVERSION = YES;
				CLANG_WARN_DIRECT_OBJC_ISA_USAGE = YES_ERROR;
				CLANG_WARN_DOCUMENTATION_COMMENTS = YES;
				CLANG_WARN_EMPTY_BODY = YES;
				CLANG_WARN_ENUM_CONVERSION = YES;
				CLANG_WARN_INFINITE_RECURSION = YES;
				CLANG_WARN_INT_CONVERSION = YES;
				CLANG_WARN_NON_LITERAL_NULL_CONVERSION = YES;
				CLANG_WARN_OBJC_LITERAL_CONVERSION = YES;
				CLANG_WARN_OBJC_ROOT_CLASS = YES_ERROR;
				CLANG_WARN_RANGE_LOOP_ANALYSIS = YES;
				CLANG_WARN_STRICT_PROTOTYPES = YES;
				CLANG_WARN_SUSPICIOUS_MOVE = YES;
				CLANG_WARN_UNGUARDED_AVAILABILITY = YES_AGGRESSIVE;
				CLANG_WARN_UNREACHABLE_CODE = YES;
				CLANG_WARN__DUPLICATE_METHOD_MATCH = YES;
				CODE_SIGN_IDENTITY = "iPhone Developer";
				COPY_PHASE_STRIP = NO;
				DEBUG_INFORMATION_FORMAT = dwarf;
				ENABLE_STRICT_OBJC_MSGSEND = YES;
				ENABLE_TESTABILITY = YES;
				GCC_C_LANGUAGE_STANDARD = gnu11;
				GCC_DYNAMIC_NO_PIC = NO;
				GCC_NO_COMMON_BLOCKS = YES;
				GCC_OPTIMIZATION_LEVEL = 0;
				GCC_PREPROCESSOR_DEFINITIONS = (
					"DEBUG=1",
					"$(inherited)",
				);
				GCC_WARN_64_TO_32_BIT_CONVERSION = YES;
				GCC_WARN_ABOUT_RETURN_TYPE = YES_ERROR;
				GCC_WARN_UNDECLARED_SELECTOR = YES;
				GCC_WARN_UNINITIALIZED_AUTOS = YES_AGGRESSIVE;
				GCC_WARN_UNUSED_FUNCTION = YES;
				GCC_WARN_UNUSED_VARIABLE = YES;
				IPHONEOS_DEPLOYMENT_TARGET = 11.0;
				MTL_ENABLE_DEBUG_INFO = YES;
				ONLY_ACTIVE_ARCH = YES;
				SDKROOT = iphoneos;
			};
			name = Debug;
		};
		11320B6B1F99DFFF00582358 /* Release */ = {
			isa = XCBuildConfiguration;
			buildSettings = {
				ALWAYS_SEARCH_USER_PATHS = NO;
				CLANG_ANALYZER_NONNULL = YES;
				CLANG_ANALYZER_NUMBER_OBJECT_CONVERSION = YES_AGGRESSIVE;
				CLANG_CXX_LANGUAGE_STANDARD = "gnu++14";
				CLANG_CXX_LIBRARY = "libc++";
				CLANG_ENABLE_MODULES = YES;
				CLANG_ENABLE_OBJC_ARC = YES;
				CLANG_WARN_BLOCK_CAPTURE_AUTORELEASING = YES;
				CLANG_WARN_BOOL_CONVERSION = YES;
				CLANG_WARN_COMMA = YES;
				CLANG_WARN_CONSTANT_CONVERSION = YES;
				CLANG_WARN_DIRECT_OBJC_ISA_USAGE = YES_ERROR;
				CLANG_WARN_DOCUMENTATION_COMMENTS = YES;
				CLANG_WARN_EMPTY_BODY = YES;
				CLANG_WARN_ENUM_CONVERSION = YES;
				CLANG_WARN_INFINITE_RECURSION = YES;
				CLANG_WARN_INT_CONVERSION = YES;
				CLANG_WARN_NON_LITERAL_NULL_CONVERSION = YES;
				CLANG_WARN_OBJC_LITERAL_CONVERSION = YES;
				CLANG_WARN_OBJC_ROOT_CLASS = YES_ERROR;
				CLANG_WARN_RANGE_LOOP_ANALYSIS = YES;
				CLANG_WARN_STRICT_PROTOTYPES = YES;
				CLANG_WARN_SUSPICIOUS_MOVE = YES;
				CLANG_WARN_UNGUARDED_AVAILABILITY = YES_AGGRESSIVE;
				CLANG_WARN_UNREACHABLE_CODE = YES;
				CLANG_WARN__DUPLICATE_METHOD_MATCH = YES;
				CODE_SIGN_IDENTITY = "iPhone Developer";
				COPY_PHASE_STRIP = NO;
				DEBUG_INFORMATION_FORMAT = "dwarf-with-dsym";
				ENABLE_NS_ASSERTIONS = NO;
				ENABLE_STRICT_OBJC_MSGSEND = YES;
				GCC_C_LANGUAGE_STANDARD = gnu11;
				GCC_NO_COMMON_BLOCKS = YES;
				GCC_WARN_64_TO_32_BIT_CONVERSION = YES;
				GCC_WARN_ABOUT_RETURN_TYPE = YES_ERROR;
				GCC_WARN_UNDECLARED_SELECTOR = YES;
				GCC_WARN_UNINITIALIZED_AUTOS = YES_AGGRESSIVE;
				GCC_WARN_UNUSED_FUNCTION = YES;
				GCC_WARN_UNUSED_VARIABLE = YES;
				IPHONEOS_DEPLOYMENT_TARGET = 11.0;
				MTL_ENABLE_DEBUG_INFO = NO;
				SDKROOT = iphoneos;
				VALIDATE_PRODUCT = YES;
			};
			name = Release;
		};
		11320B6D1F99DFFF00582358 /* Debug */ = {
			isa = XCBuildConfiguration;
			buildSettings = {
				ASSETCATALOG_COMPILER_APPICON_NAME = AppIcon;
				CODE_SIGN_STYLE = Automatic;
				INFOPLIST_FILE = PageViewDemo/Info.plist;
				LD_RUNPATH_SEARCH_PATHS = "$(inherited) @executable_path/Frameworks";
				PRODUCT_BUNDLE_IDENTIFIER = aishangjia.PageViewDemo;
				PRODUCT_NAME = "$(TARGET_NAME)";
				TARGETED_DEVICE_FAMILY = "1,2";
			};
			name = Debug;
		};
		11320B6E1F99DFFF00582358 /* Release */ = {
			isa = XCBuildConfiguration;
			buildSettings = {
				ASSETCATALOG_COMPILER_APPICON_NAME = AppIcon;
				CODE_SIGN_STYLE = Automatic;
				INFOPLIST_FILE = PageViewDemo/Info.plist;
				LD_RUNPATH_SEARCH_PATHS = "$(inherited) @executable_path/Frameworks";
				PRODUCT_BUNDLE_IDENTIFIER = aishangjia.PageViewDemo;
				PRODUCT_NAME = "$(TARGET_NAME)";
				TARGETED_DEVICE_FAMILY = "1,2";
			};
			name = Release;
		};
/* End XCBuildConfiguration section */

/* Begin XCConfigurationList section */
		11320B511F99DFFF00582358 /* Build configuration list for PBXProject "PageViewDemo" */ = {
			isa = XCConfigurationList;
			buildConfigurations = (
				11320B6A1F99DFFF00582358 /* Debug */,
				11320B6B1F99DFFF00582358 /* Release */,
			);
			defaultConfigurationIsVisible = 0;
			defaultConfigurationName = Release;
		};
		11320B6C1F99DFFF00582358 /* Build configuration list for PBXNativeTarget "PageViewDemo" */ = {
			isa = XCConfigurationList;
			buildConfigurations = (
				11320B6D1F99DFFF00582358 /* Debug */,
				11320B6E1F99DFFF00582358 /* Release */,
			);
			defaultConfigurationIsVisible = 0;
			defaultConfigurationName = Release;
		};
/* End XCConfigurationList section */
	};
	rootObject = 11320B4E1F99DFFF00582358 /* Project object */;
}
